// !$*UTF8*$!
{
	archiveVersion = 1;
	classes = {
	};
	objectVersion = 46;
	objects = {

/* Begin PBXBuildFile section */
		595DC287183EEF4600DC17A9 /* Foundation.framework in Frameworks */ = {isa = PBXBuildFile; fileRef = 595DC286183EEF4600DC17A9 /* Foundation.framework */; };
		595DC289183EEF4600DC17A9 /* CoreGraphics.framework in Frameworks */ = {isa = PBXBuildFile; fileRef = 595DC288183EEF4600DC17A9 /* CoreGraphics.framework */; };
		595DC28B183EEF4600DC17A9 /* UIKit.framework in Frameworks */ = {isa = PBXBuildFile; fileRef = 595DC28A183EEF4600DC17A9 /* UIKit.framework */; };
		595DC291183EEF4600DC17A9 /* InfoPlist.strings in Resources */ = {isa = PBXBuildFile; fileRef = 595DC28F183EEF4600DC17A9 /* InfoPlist.strings */; };
		595DC293183EEF4600DC17A9 /* main.m in Sources */ = {isa = PBXBuildFile; fileRef = 595DC292183EEF4600DC17A9 /* main.m */; };
		595DC297183EEF4600DC17A9 /* AppDelegate.m in Sources */ = {isa = PBXBuildFile; fileRef = 595DC296183EEF4600DC17A9 /* AppDelegate.m */; };
		595DC29A183EEF4600DC17A9 /* Main.storyboard in Resources */ = {isa = PBXBuildFile; fileRef = 595DC298183EEF4600DC17A9 /* Main.storyboard */; };
		595DC29D183EEF4600DC17A9 /* ViewController.m in Sources */ = {isa = PBXBuildFile; fileRef = 595DC29C183EEF4600DC17A9 /* ViewController.m */; };
		595DC29F183EEF4600DC17A9 /* Images.xcassets in Resources */ = {isa = PBXBuildFile; fileRef = 595DC29E183EEF4600DC17A9 /* Images.xcassets */; };
		595DC2A6183EEF4600DC17A9 /* XCTest.framework in Frameworks */ = {isa = PBXBuildFile; fileRef = 595DC2A5183EEF4600DC17A9 /* XCTest.framework */; };
		595DC2A7183EEF4600DC17A9 /* Foundation.framework in Frameworks */ = {isa = PBXBuildFile; fileRef = 595DC286183EEF4600DC17A9 /* Foundation.framework */; };
		595DC2A8183EEF4600DC17A9 /* UIKit.framework in Frameworks */ = {isa = PBXBuildFile; fileRef = 595DC28A183EEF4600DC17A9 /* UIKit.framework */; };
		595DC2B0183EEF4600DC17A9 /* InfoPlist.strings in Resources */ = {isa = PBXBuildFile; fileRef = 595DC2AE183EEF4600DC17A9 /* InfoPlist.strings */; };
		595DC2B2183EEF4600DC17A9 /* test112Tests.m in Sources */ = {isa = PBXBuildFile; fileRef = 595DC2B1183EEF4600DC17A9 /* test112Tests.m */; };
/* End PBXBuildFile section */

/* Begin PBXContainerItemProxy section */
		595DC2A9183EEF4600DC17A9 /* PBXContainerItemProxy */ = {
			isa = PBXContainerItemProxy;
			containerPortal = 595DC27B183EEF4600DC17A9 /* Project object */;
			proxyType = 1;
			remoteGlobalIDString = 595DC282183EEF4600DC17A9;
			remoteInfo = test112;
		};
/* End PBXContainerItemProxy section */

/* Begin PBXFileReference section */
		595DC283183EEF4600DC17A9 /* test112.app */ = {isa = PBXFileReference; explicitFileType = wrapper.application; includeInIndex = 0; path = test112.app; sourceTree = BUILT_PRODUCTS_DIR; };
		595DC286183EEF4600DC17A9 /* Foundation.framework */ = {isa = PBXFileReference; lastKnownFileType = wrapper.framework; name = Foundation.framework; path = System/Library/Frameworks/Foundation.framework; sourceTree = SDKROOT; };
		595DC288183EEF4600DC17A9 /* CoreGraphics.framework */ = {isa = PBXFileReference; lastKnownFileType = wrapper.framework; name = CoreGraphics.framework; path = System/Library/Frameworks/CoreGraphics.framework; sourceTree = SDKROOT; };
		595DC28A183EEF4600DC17A9 /* UIKit.framework */ = {isa = PBXFileReference; lastKnownFileType = wrapper.framework; name = UIKit.framework; path = System/Library/Frameworks/UIKit.framework; sourceTree = SDKROOT; };
		595DC28E183EEF4600DC17A9 /* test112-Info.plist */ = {isa = PBXFileReference; lastKnownFileType = text.plist.xml; path = "test112-Info.plist"; sourceTree = "<group>"; };
		595DC290183EEF4600DC17A9 /* en */ = {isa = PBXFileReference; lastKnownFileType = text.plist.strings; name = en; path = en.lproj/InfoPlist.strings; sourceTree = "<group>"; };
		595DC292183EEF4600DC17A9 /* main.m */ = {isa = PBXFileReference; lastKnownFileType = sourcecode.c.objc; path = main.m; sourceTree = "<group>"; };
		595DC294183EEF4600DC17A9 /* test112-Prefix.pch */ = {isa = PBXFileReference; lastKnownFileType = sourcecode.c.h; path = "test112-Prefix.pch"; sourceTree = "<group>"; };
		595DC295183EEF4600DC17A9 /* AppDelegate.h */ = {isa = PBXFileReference; lastKnownFileType = sourcecode.c.h; path = AppDelegate.h; sourceTree = "<group>"; };
		595DC296183EEF4600DC17A9 /* AppDelegate.m */ = {isa = PBXFileReference; lastKnownFileType = sourcecode.c.objc; path = AppDelegate.m; sourceTree = "<group>"; };
		595DC299183EEF4600DC17A9 /* Base */ = {isa = PBXFileReference; lastKnownFileType = file.storyboard; name = Base; path = Base.lproj/Main.storyboard; sourceTree = "<group>"; };
		595DC29B183EEF4600DC17A9 /* ViewController.h */ = {isa = PBXFileReference; lastKnownFileType = sourcecode.c.h; path = ViewController.h; sourceTree = "<group>"; };
		595DC29C183EEF4600DC17A9 /* ViewController.m */ = {isa = PBXFileReference; lastKnownFileType = sourcecode.c.objc; path = ViewController.m; sourceTree = "<group>"; };
		595DC29E183EEF4600DC17A9 /* Images.xcassets */ = {isa = PBXFileReference; lastKnownFileType = folder.assetcatalog; path = Images.xcassets; sourceTree = "<group>"; };
		595DC2A4183EEF4600DC17A9 /* test112Tests.xctest */ = {isa = PBXFileReference; explicitFileType = wrapper.cfbundle; includeInIndex = 0; path = test112Tests.xctest; sourceTree = BUILT_PRODUCTS_DIR; };
		595DC2A5183EEF4600DC17A9 /* XCTest.framework */ = {isa = PBXFileReference; lastKnownFileType = wrapper.framework; name = XCTest.framework; path = Library/Frameworks/XCTest.framework; sourceTree = DEVELOPER_DIR; };
		595DC2AD183EEF4600DC17A9 /* test112Tests-Info.plist */ = {isa = PBXFileReference; lastKnownFileType = text.plist.xml; path = "test112Tests-Info.plist"; sourceTree = "<group>"; };
		595DC2AF183EEF4600DC17A9 /* en */ = {isa = PBXFileReference; lastKnownFileType = text.plist.strings; name = en; path = en.lproj/InfoPlist.strings; sourceTree = "<group>"; };
		595DC2B1183EEF4600DC17A9 /* test112Tests.m */ = {isa = PBXFileReference; lastKnownFileType = sourcecode.c.objc; path = test112Tests.m; sourceTree = "<group>"; };
/* End PBXFileReference section */

/* Begin PBXFrameworksBuildPhase section */
		595DC280183EEF4600DC17A9 /* Frameworks */ = {
			isa = PBXFrameworksBuildPhase;
			buildActionMask = 2147483647;
			files = (
				595DC289183EEF4600DC17A9 /* CoreGraphics.framework in Frameworks */,
				595DC28B183EEF4600DC17A9 /* UIKit.framework in Frameworks */,
				595DC287183EEF4600DC17A9 /* Foundation.framework in Frameworks */,
			);
			runOnlyForDeploymentPostprocessing = 0;
		};
		595DC2A1183EEF4600DC17A9 /* Frameworks */ = {
			isa = PBXFrameworksBuildPhase;
			buildActionMask = 2147483647;
			files = (
				595DC2A6183EEF4600DC17A9 /* XCTest.framework in Frameworks */,
				595DC2A8183EEF4600DC17A9 /* UIKit.framework in Frameworks */,
				595DC2A7183EEF4600DC17A9 /* Foundation.framework in Frameworks */,
			);
			runOnlyForDeploymentPostprocessing = 0;
		};
/* End PBXFrameworksBuildPhase section */

/* Begin PBXGroup section */
		595DC27A183EEF4600DC17A9 = {
			isa = PBXGroup;
			children = (
				595DC28C183EEF4600DC17A9 /* test112 */,
				595DC2AB183EEF4600DC17A9 /* test112Tests */,
				595DC285183EEF4600DC17A9 /* Frameworks */,
				595DC284183EEF4600DC17A9 /* Products */,
			);
			sourceTree = "<group>";
		};
		595DC284183EEF4600DC17A9 /* Products */ = {
			isa = PBXGroup;
			children = (
				595DC283183EEF4600DC17A9 /* test112.app */,
				595DC2A4183EEF4600DC17A9 /* test112Tests.xctest */,
			);
			name = Products;
			sourceTree = "<group>";
		};
		595DC285183EEF4600DC17A9 /* Frameworks */ = {
			isa = PBXGroup;
			children = (
				595DC286183EEF4600DC17A9 /* Foundation.framework */,
				595DC288183EEF4600DC17A9 /* CoreGraphics.framework */,
				595DC28A183EEF4600DC17A9 /* UIKit.framework */,
				595DC2A5183EEF4600DC17A9 /* XCTest.framework */,
			);
			name = Frameworks;
			sourceTree = "<group>";
		};
		595DC28C183EEF4600DC17A9 /* test112 */ = {
			isa = PBXGroup;
			children = (
				595DC295183EEF4600DC17A9 /* AppDelegate.h */,
				595DC296183EEF4600DC17A9 /* AppDelegate.m */,
				595DC298183EEF4600DC17A9 /* Main.storyboard */,
				595DC29B183EEF4600DC17A9 /* ViewController.h */,
				595DC29C183EEF4600DC17A9 /* ViewController.m */,
				595DC29E183EEF4600DC17A9 /* Images.xcassets */,
				595DC28D183EEF4600DC17A9 /* Supporting Files */,
			);
			path = test112;
			sourceTree = "<group>";
		};
		595DC28D183EEF4600DC17A9 /* Supporting Files */ = {
			isa = PBXGroup;
			children = (
				595DC28E183EEF4600DC17A9 /* test112-Info.plist */,
				595DC28F183EEF4600DC17A9 /* InfoPlist.strings */,
				595DC292183EEF4600DC17A9 /* main.m */,
				595DC294183EEF4600DC17A9 /* test112-Prefix.pch */,
			);
			name = "Supporting Files";
			sourceTree = "<group>";
		};
		595DC2AB183EEF4600DC17A9 /* test112Tests */ = {
			isa = PBXGroup;
			children = (
				595DC2B1183EEF4600DC17A9 /* test112Tests.m */,
				595DC2AC183EEF4600DC17A9 /* Supporting Files */,
			);
			path = test112Tests;
			sourceTree = "<group>";
		};
		595DC2AC183EEF4600DC17A9 /* Supporting Files */ = {
			isa = PBXGroup;
			children = (
				595DC2AD183EEF4600DC17A9 /* test112Tests-Info.plist */,
				595DC2AE183EEF4600DC17A9 /* InfoPlist.strings */,
			);
			name = "Supporting Files";
			sourceTree = "<group>";
		};
/* End PBXGroup section */

/* Begin PBXNativeTarget section */
		595DC282183EEF4600DC17A9 /* test112 */ = {
			isa = PBXNativeTarget;
			buildConfigurationList = 595DC2B5183EEF4600DC17A9 /* Build configuration list for PBXNativeTarget "test112" */;
			buildPhases = (
				595DC27F183EEF4600DC17A9 /* Sources */,
				595DC280183EEF4600DC17A9 /* Frameworks */,
				595DC281183EEF4600DC17A9 /* Resources */,
			);
			buildRules = (
			);
			dependencies = (
			);
			name = test112;
			productName = test112;
			productReference = 595DC283183EEF4600DC17A9 /* test112.app */;
			productType = "com.apple.product-type.application";
		};
		595DC2A3183EEF4600DC17A9 /* test112Tests */ = {
			isa = PBXNativeTarget;
			buildConfigurationList = 595DC2B8183EEF4600DC17A9 /* Build configuration list for PBXNativeTarget "test112Tests" */;
			buildPhases = (
				595DC2A0183EEF4600DC17A9 /* Sources */,
				595DC2A1183EEF4600DC17A9 /* Frameworks */,
				595DC2A2183EEF4600DC17A9 /* Resources */,
			);
			buildRules = (
			);
			dependencies = (
				595DC2AA183EEF4600DC17A9 /* PBXTargetDependency */,
			);
			name = test112Tests;
			productName = test112Tests;
			productReference = 595DC2A4183EEF4600DC17A9 /* test112Tests.xctest */;
			productType = "com.apple.product-type.bundle.unit-test";
		};
/* End PBXNativeTarget section */

/* Begin PBXProject section */
		595DC27B183EEF4600DC17A9 /* Project object */ = {
			isa = PBXProject;
			attributes = {
				LastUpgradeCheck = 0500;
				ORGANIZATIONNAME = "QA TEST";
				TargetAttributes = {
					595DC2A3183EEF4600DC17A9 = {
						TestTargetID = 595DC282183EEF4600DC17A9;
					};
				};
			};
			buildConfigurationList = 595DC27E183EEF4600DC17A9 /* Build configuration list for PBXProject "test112" */;
			compatibilityVersion = "Xcode 3.2";
			developmentRegion = English;
			hasScannedForEncodings = 0;
			knownRegions = (
				en,
				Base,
			);
			mainGroup = 595DC27A183EEF4600DC17A9;
			productRefGroup = 595DC284183EEF4600DC17A9 /* Products */;
			projectDirPath = "";
			projectRoot = "";
			targets = (
				595DC282183EEF4600DC17A9 /* test112 */,
				595DC2A3183EEF4600DC17A9 /* test112Tests */,
			);
		};
/* End PBXProject section */

/* Begin PBXResourcesBuildPhase section */
		595DC281183EEF4600DC17A9 /* Resources */ = {
			isa = PBXResourcesBuildPhase;
			buildActionMask = 2147483647;
			files = (
				595DC29F183EEF4600DC17A9 /* Images.xcassets in Resources */,
				595DC291183EEF4600DC17A9 /* InfoPlist.strings in Resources */,
				595DC29A183EEF4600DC17A9 /* Main.storyboard in Resources */,
			);
			runOnlyForDeploymentPostprocessing = 0;
		};
		595DC2A2183EEF4600DC17A9 /* Resources */ = {
			isa = PBXResourcesBuildPhase;
			buildActionMask = 2147483647;
			files = (
				595DC2B0183EEF4600DC17A9 /* InfoPlist.strings in Resources */,
			);
			runOnlyForDeploymentPostprocessing = 0;
		};
/* End PBXResourcesBuildPhase section */

/* Begin PBXSourcesBuildPhase section */
		595DC27F183EEF4600DC17A9 /* Sources */ = {
			isa = PBXSourcesBuildPhase;
			buildActionMask = 2147483647;
			files = (
				595DC29D183EEF4600DC17A9 /* ViewController.m in Sources */,
				595DC297183EEF4600DC17A9 /* AppDelegate.m in Sources */,
				595DC293183EEF4600DC17A9 /* main.m in Sources */,
			);
			runOnlyForDeploymentPostprocessing = 0;
		};
		595DC2A0183EEF4600DC17A9 /* Sources */ = {
			isa = PBXSourcesBuildPhase;
			buildActionMask = 2147483647;
			files = (
				595DC2B2183EEF4600DC17A9 /* test112Tests.m in Sources */,
			);
			runOnlyForDeploymentPostprocessing = 0;
		};
/* End PBXSourcesBuildPhase section */

/* Begin PBXTargetDependency section */
		595DC2AA183EEF4600DC17A9 /* PBXTargetDependency */ = {
			isa = PBXTargetDependency;
			target = 595DC282183EEF4600DC17A9 /* test112 */;
			targetProxy = 595DC2A9183EEF4600DC17A9 /* PBXContainerItemProxy */;
		};
/* End PBXTargetDependency section */

/* Begin PBXVariantGroup section */
		595DC28F183EEF4600DC17A9 /* InfoPlist.strings */ = {
			isa = PBXVariantGroup;
			children = (
				595DC290183EEF4600DC17A9 /* en */,
			);
			name = InfoPlist.strings;
			sourceTree = "<group>";
		};
		595DC298183EEF4600DC17A9 /* Main.storyboard */ = {
			isa = PBXVariantGroup;
			children = (
				595DC299183EEF4600DC17A9 /* Base */,
			);
			name = Main.storyboard;
			sourceTree = "<group>";
		};
		595DC2AE183EEF4600DC17A9 /* InfoPlist.strings */ = {
			isa = PBXVariantGroup;
			children = (
				595DC2AF183EEF4600DC17A9 /* en */,
			);
			name = InfoPlist.strings;
			sourceTree = "<group>";
		};
/* End PBXVariantGroup section */

/* Begin XCBuildConfiguration section */
		595DC2B3183EEF4600DC17A9 /* Debug */ = {
			isa = XCBuildConfiguration;
			buildSettings = {
				ALWAYS_SEARCH_USER_PATHS = NO;
				ARCHS = "$(ARCHS_STANDARD_INCLUDING_64_BIT)";
				CLANG_CXX_LANGUAGE_STANDARD = "gnu++0x";
				CLANG_CXX_LIBRARY = "libc++";
				CLANG_ENABLE_MODULES = YES;
				CLANG_ENABLE_OBJC_ARC = YES;
				CLANG_WARN_BOOL_CONVERSION = YES;
				CLANG_WARN_CONSTANT_CONVERSION = YES;
				CLANG_WARN_DIRECT_OBJC_ISA_USAGE = YES_ERROR;
				CLANG_WARN_EMPTY_BODY = YES;
				CLANG_WARN_ENUM_CONVERSION = YES;
				CLANG_WARN_INT_CONVERSION = YES;
				CLANG_WARN_OBJC_ROOT_CLASS = YES_ERROR;
				CLANG_WARN__DUPLICATE_METHOD_MATCH = YES;
				"CODE_SIGN_IDENTITY[sdk=iphoneos*]" = "iPhone Developer";
				COPY_PHASE_STRIP = NO;
				GCC_C_LANGUAGE_STANDARD = gnu99;
				GCC_DYNAMIC_NO_PIC = NO;
				GCC_OPTIMIZATION_LEVEL = 0;
				GCC_PREPROCESSOR_DEFINITIONS = (
					"DEBUG=1",
					"$(inherited)",
				);
				GCC_SYMBOLS_PRIVATE_EXTERN = NO;
				GCC_WARN_64_TO_32_BIT_CONVERSION = YES;
				GCC_WARN_ABOUT_RETURN_TYPE = YES_ERROR;
				GCC_WARN_UNDECLARED_SELECTOR = YES;
				GCC_WARN_UNINITIALIZED_AUTOS = YES;
				GCC_WARN_UNUSED_FUNCTION = YES;
				GCC_WARN_UNUSED_VARIABLE = YES;
				IPHONEOS_DEPLOYMENT_TARGET = 7.0;
				ONLY_ACTIVE_ARCH = YES;
				SDKROOT = iphoneos;
			};
			name = Debug;
		};
		595DC2B4183EEF4600DC17A9 /* Release */ = {
			isa = XCBuildConfiguration;
			buildSettings = {
				ALWAYS_SEARCH_USER_PATHS = NO;
				ARCHS = "$(ARCHS_STANDARD_INCLUDING_64_BIT)";
				CLANG_CXX_LANGUAGE_STANDARD = "gnu++0x";
				CLANG_CXX_LIBRARY = "libc++";
				CLANG_ENABLE_MODULES = YES;
				CLANG_ENABLE_OBJC_ARC = YES;
				CLANG_WARN_BOOL_CONVERSION = YES;
				CLANG_WARN_CONSTANT_CONVERSION = YES;
				CLANG_WARN_DIRECT_OBJC_ISA_USAGE = YES_ERROR;
				CLANG_WARN_EMPTY_BODY = YES;
				CLANG_WARN_ENUM_CONVERSION = YES;
				CLANG_WARN_INT_CONVERSION = YES;
				CLANG_WARN_OBJC_ROOT_CLASS = YES_ERROR;
				CLANG_WARN__DUPLICATE_METHOD_MATCH = YES;
				"CODE_SIGN_IDENTITY[sdk=iphoneos*]" = "iPhone Developer";
				COPY_PHASE_STRIP = YES;
				ENABLE_NS_ASSERTIONS = NO;
				GCC_C_LANGUAGE_STANDARD = gnu99;
				GCC_WARN_64_TO_32_BIT_CONVERSION = YES;
				GCC_WARN_ABOUT_RETURN_TYPE = YES_ERROR;
				GCC_WARN_UNDECLARED_SELECTOR = YES;
				GCC_WARN_UNINITIALIZED_AUTOS = YES;
				GCC_WARN_UNUSED_FUNCTION = YES;
				GCC_WARN_UNUSED_VARIABLE = YES;
				IPHONEOS_DEPLOYMENT_TARGET = 7.0;
				SDKROOT = iphoneos;
				VALIDATE_PRODUCT = YES;
			};
			name = Release;
		};
		595DC2B6183EEF4600DC17A9 /* Debug */ = {
			isa = XCBuildConfiguration;
			buildSettings = {
				ASSETCATALOG_COMPILER_APPICON_NAME = AppIcon;
				ASSETCATALOG_COMPILER_LAUNCHIMAGE_NAME = LaunchImage;
				GCC_PRECOMPILE_PREFIX_HEADER = YES;
				GCC_PREFIX_HEADER = "test112/test112-Prefix.pch";
				INFOPLIST_FILE = "test112/test112-Info.plist";
				PRODUCT_NAME = "$(TARGET_NAME)";
				WRAPPER_EXTENSION = app;
			};
			name = Debug;
		};
		595DC2B7183EEF4600DC17A9 /* Release */ = {
			isa = XCBuildConfiguration;
			buildSettings = {
				ASSETCATALOG_COMPILER_APPICON_NAME = AppIcon;
				ASSETCATALOG_COMPILER_LAUNCHIMAGE_NAME = LaunchImage;
				GCC_PRECOMPILE_PREFIX_HEADER = YES;
				GCC_PREFIX_HEADER = "test112/test112-Prefix.pch";
				INFOPLIST_FILE = "test112/test112-Info.plist";
				PRODUCT_NAME = "$(TARGET_NAME)";
				WRAPPER_EXTENSION = app;
			};
			name = Release;
		};
		595DC2B9183EEF4600DC17A9 /* Debug */ = {
			isa = XCBuildConfiguration;
			buildSettings = {
				ARCHS = "$(ARCHS_STANDARD_INCLUDING_64_BIT)";
				BUNDLE_LOADER = "$(BUILT_PRODUCTS_DIR)/test112.app/test112";
				FRAMEWORK_SEARCH_PATHS = (
					"$(SDKROOT)/Developer/Library/Frameworks",
					"$(inherited)",
					"$(DEVELOPER_FRAMEWORKS_DIR)",
				);
				GCC_PRECOMPILE_PREFIX_HEADER = YES;
				GCC_PREFIX_HEADER = "test112/test112-Prefix.pch";
				GCC_PREPROCESSOR_DEFINITIONS = (
					"DEBUG=1",
					"$(inherited)",
				);
				INFOPLIST_FILE = "test112Tests/test112Tests-Info.plist";
				PRODUCT_NAME = "$(TARGET_NAME)";
				TEST_HOST = "$(BUNDLE_LOADER)";
				WRAPPER_EXTENSION = xctest;
			};
			name = Debug;
		};
		595DC2BA183EEF4600DC17A9 /* Release */ = {
			isa = XCBuildConfiguration;
			buildSettings = {
				ARCHS = "$(ARCHS_STANDARD_INCLUDING_64_BIT)";
				BUNDLE_LOADER = "$(BUILT_PRODUCTS_DIR)/test112.app/test112";
				FRAMEWORK_SEARCH_PATHS = (
					"$(SDKROOT)/Developer/Library/Frameworks",
					"$(inherited)",
					"$(DEVELOPER_FRAMEWORKS_DIR)",
				);
				GCC_PRECOMPILE_PREFIX_HEADER = YES;
				GCC_PREFIX_HEADER = "test112/test112-Prefix.pch";
				INFOPLIST_FILE = "test112Tests/test112Tests-Info.plist";
				PRODUCT_NAME = "$(TARGET_NAME)";
				TEST_HOST = "$(BUNDLE_LOADER)";
				WRAPPER_EXTENSION = xctest;
			};
			name = Release;
		};
/* End XCBuildConfiguration section */

/* Begin XCConfigurationList section */
		595DC27E183EEF4600DC17A9 /* Build configuration list for PBXProject "test112" */ = {
			isa = XCConfigurationList;
			buildConfigurations = (
				595DC2B3183EEF4600DC17A9 /* Debug */,
				595DC2B4183EEF4600DC17A9 /* Release */,
			);
			defaultConfigurationIsVisible = 0;
			defaultConfigurationName = Release;
		};
		595DC2B5183EEF4600DC17A9 /* Build configuration list for PBXNativeTarget "test112" */ = {
			isa = XCConfigurationList;
			buildConfigurations = (
				595DC2B6183EEF4600DC17A9 /* Debug */,
				595DC2B7183EEF4600DC17A9 /* Release */,
			);
			defaultConfigurationIsVisible = 0;
		};
		595DC2B8183EEF4600DC17A9 /* Build configuration list for PBXNativeTarget "test112Tests" */ = {
			isa = XCConfigurationList;
			buildConfigurations = (
				595DC2B9183EEF4600DC17A9 /* Debug */,
				595DC2BA183EEF4600DC17A9 /* Release */,
			);
			defaultConfigurationIsVisible = 0;
		};
/* End XCConfigurationList section */
	};
	rootObject = 595DC27B183EEF4600DC17A9 /* Project object */;
}
